
Microsoft Visual Studio Solution File, Format Version 12.00
# Visual Studio Version 16
VisualStudioVersion = 16.0.30717.126
MinimumVisualStudioVersion = 10.0.40219.1
Project("{FAE04EC0-301F-11D3-BF4B-00C04F79EFBC}") = "Webhook Tool", "Webhook Tool.csproj", "{0007A12C-599D-4854-8792-B181CE1DA8A7}"
EndProject
Global
	GlobalSection(SolutionConfigurationPlatforms) = preSolution
		Debug|Any CPU = Debug|Any CPU
		Release|Any CPU = Release|Any CPU
	EndGlobalSection
	GlobalSection(ProjectConfigurationPlatforms) = postSolution
		{0007A12C-599D-4854-8792-B181CE1DA8A7}.Debug|Any CPU.ActiveCfg = Debug|Any CPU
		{0007A12C-599D-4854-8792-B181CE1DA8A7}.Debug|Any CPU.Build.0 = Debug|Any CPU
		{0007A12C-599D-4854-8792-B181CE1DA8A7}.Release|Any CPU.ActiveCfg = Release|Any CPU
		{0007A12C-599D-4854-8792-B181CE1DA8A7}.Release|Any CPU.Build.0 = Release|Any CPU
	EndGlobalSection
	GlobalSection(SolutionProperties) = preSolution
		HideSolutionNode = FALSE
	EndGlobalSection
	GlobalSection(ExtensibilityGlobals) = postSolution
		SolutionGuid = {F63D4275-B584-4EC0-A963-102CDCD6921E}
	EndGlobalSection
EndGlobal
